// !$*UTF8*$!
{
	archiveVersion = 1;
	classes = {
	};
	objectVersion = 56;
	objects = {

/* Begin PBXBuildFile section */
		6639D7B02934510D008DF96E /* PortsHandler.m in Sources */ = {isa = PBXBuildFile; fileRef = 6639D7AF2934510D008DF96E /* PortsHandler.m */; };
		6663B2BA2930889700F8E6C0 /* main.m in Sources */ = {isa = PBXBuildFile; fileRef = 6663B2B92930889700F8E6C0 /* main.m */; };
		6663B2C82930889700F8E6C0 /* Controller.m in Sources */ = {isa = PBXBuildFile; fileRef = 6663B2C72930889700F8E6C0 /* Controller.m */; };
		66B037A32935DE2E00611B1A /* Authenticator.m in Sources */ = {isa = PBXBuildFile; fileRef = 66B037A22935DE2E00611B1A /* Authenticator.m */; };
		66BF36C5293E06D400B2D4F5 /* MessageTypeMaker.m in Sources */ = {isa = PBXBuildFile; fileRef = 66BF36C4293E06D400B2D4F5 /* MessageTypeMaker.m */; };
/* End PBXBuildFile section */

/* Begin PBXCopyFilesBuildPhase section */
		6663B2B42930889700F8E6C0 /* CopyFiles */ = {
			isa = PBXCopyFilesBuildPhase;
			buildActionMask = 2147483647;
			dstPath = /usr/share/man/man1/;
			dstSubfolderSpec = 0;
			files = (
			);
			runOnlyForDeploymentPostprocessing = 1;
		};
/* End PBXCopyFilesBuildPhase section */

/* Begin PBXFileReference section */
		6639D7AE2934510D008DF96E /* PortsHandler.h */ = {isa = PBXFileReference; lastKnownFileType = sourcecode.c.h; path = PortsHandler.h; sourceTree = "<group>"; };
		6639D7AF2934510D008DF96E /* PortsHandler.m */ = {isa = PBXFileReference; lastKnownFileType = sourcecode.c.objc; path = PortsHandler.m; sourceTree = "<group>"; };
		6663B2B62930889700F8E6C0 /* Client */ = {isa = PBXFileReference; explicitFileType = "compiled.mach-o.executable"; includeInIndex = 0; path = Client; sourceTree = BUILT_PRODUCTS_DIR; };
		6663B2B92930889700F8E6C0 /* main.m */ = {isa = PBXFileReference; lastKnownFileType = sourcecode.c.objc; path = main.m; sourceTree = "<group>"; };
		6663B2C62930889700F8E6C0 /* Controller.h */ = {isa = PBXFileReference; lastKnownFileType = sourcecode.c.h; path = Controller.h; sourceTree = "<group>"; };
		6663B2C72930889700F8E6C0 /* Controller.m */ = {isa = PBXFileReference; lastKnownFileType = sourcecode.c.objc; path = Controller.m; sourceTree = "<group>"; };
		66B037A12935DE2E00611B1A /* Authenticator.h */ = {isa = PBXFileReference; lastKnownFileType = sourcecode.c.h; path = Authenticator.h; sourceTree = "<group>"; };
		66B037A22935DE2E00611B1A /* Authenticator.m */ = {isa = PBXFileReference; lastKnownFileType = sourcecode.c.objc; path = Authenticator.m; sourceTree = "<group>"; };
		66BF36C3293E06D400B2D4F5 /* MessageTypeMaker.h */ = {isa = PBXFileReference; lastKnownFileType = sourcecode.c.h; path = MessageTypeMaker.h; sourceTree = "<group>"; };
		66BF36C4293E06D400B2D4F5 /* MessageTypeMaker.m */ = {isa = PBXFileReference; lastKnownFileType = sourcecode.c.objc; path = MessageTypeMaker.m; sourceTree = "<group>"; };
/* End PBXFileReference section */

/* Begin PBXFrameworksBuildPhase section */
		6663B2B32930889700F8E6C0 /* Frameworks */ = {
			isa = PBXFrameworksBuildPhase;
			buildActionMask = 2147483647;
			files = (
			);
			runOnlyForDeploymentPostprocessing = 0;
		};
/* End PBXFrameworksBuildPhase section */

/* Begin PBXGroup section */
		6663B2AD2930889700F8E6C0 = {
			isa = PBXGroup;
			children = (
				6663B2B82930889700F8E6C0 /* Client */,
				6663B2B72930889700F8E6C0 /* Products */,
			);
			sourceTree = "<group>";
		};
		6663B2B72930889700F8E6C0 /* Products */ = {
			isa = PBXGroup;
			children = (
				6663B2B62930889700F8E6C0 /* Client */,
			);
			name = Products;
			sourceTree = "<group>";
		};
		6663B2B82930889700F8E6C0 /* Client */ = {
			isa = PBXGroup;
			children = (
				6663B2B92930889700F8E6C0 /* main.m */,
				6663B2C62930889700F8E6C0 /* Controller.h */,
				6663B2C72930889700F8E6C0 /* Controller.m */,
				6639D7AE2934510D008DF96E /* PortsHandler.h */,
				6639D7AF2934510D008DF96E /* PortsHandler.m */,
				66B037A12935DE2E00611B1A /* Authenticator.h */,
				66B037A22935DE2E00611B1A /* Authenticator.m */,
				66BF36C3293E06D400B2D4F5 /* MessageTypeMaker.h */,
				66BF36C4293E06D400B2D4F5 /* MessageTypeMaker.m */,
			);
			path = Client;
			sourceTree = "<group>";
		};
/* End PBXGroup section */

/* Begin PBXNativeTarget section */
		6663B2B52930889700F8E6C0 /* Client */ = {
			isa = PBXNativeTarget;
			buildConfigurationList = 6663B2BD2930889700F8E6C0 /* Build configuration list for PBXNativeTarget "Client" */;
			buildPhases = (
				6663B2B22930889700F8E6C0 /* Sources */,
				6663B2B32930889700F8E6C0 /* Frameworks */,
				6663B2B42930889700F8E6C0 /* CopyFiles */,
			);
			buildRules = (
			);
			dependencies = (
			);
			name = Client;
			productName = Client;
			productReference = 6663B2B62930889700F8E6C0 /* Client */;
			productType = "com.apple.product-type.tool";
		};
/* End PBXNativeTarget section */

/* Begin PBXProject section */
		6663B2AE2930889700F8E6C0 /* Project object */ = {
			isa = PBXProject;
			attributes = {
				BuildIndependentTargetsInParallel = 1;
				LastUpgradeCheck = 1410;
				TargetAttributes = {
					6663B2B52930889700F8E6C0 = {
						CreatedOnToolsVersion = 14.1;
					};
				};
			};
			buildConfigurationList = 6663B2B12930889700F8E6C0 /* Build configuration list for PBXProject "Client" */;
			compatibilityVersion = "Xcode 14.0";
			developmentRegion = en;
			hasScannedForEncodings = 0;
			knownRegions = (
				en,
				Base,
			);
			mainGroup = 6663B2AD2930889700F8E6C0;
			productRefGroup = 6663B2B72930889700F8E6C0 /* Products */;
			projectDirPath = "";
			projectRoot = "";
			targets = (
				6663B2B52930889700F8E6C0 /* Client */,
			);
		};
/* End PBXProject section */

/* Begin PBXSourcesBuildPhase section */
		6663B2B22930889700F8E6C0 /* Sources */ = {
			isa = PBXSourcesBuildPhase;
			buildActionMask = 2147483647;
			files = (
				66BF36C5293E06D400B2D4F5 /* MessageTypeMaker.m in Sources */,
				6663B2C82930889700F8E6C0 /* Controller.m in Sources */,
				66B037A32935DE2E00611B1A /* Authenticator.m in Sources */,
				6639D7B02934510D008DF96E /* PortsHandler.m in Sources */,
				6663B2BA2930889700F8E6C0 /* main.m in Sources */,
			);
			runOnlyForDeploymentPostprocessing = 0;
		};
/* End PBXSourcesBuildPhase section */

/* Begin XCBuildConfiguration section */
		6663B2BB2930889700F8E6C0 /* Debug */ = {
			isa = XCBuildConfiguration;
			buildSettings = {
				ALWAYS_SEARCH_USER_PATHS = NO;
				CLANG_ANALYZER_NONNULL = YES;
				CLANG_ANALYZER_NUMBER_OBJECT_CONVERSION = YES_AGGRESSIVE;
				CLANG_CXX_LANGUAGE_STANDARD = "gnu++20";
				CLANG_ENABLE_MODULES = YES;
				CLANG_ENABLE_OBJC_ARC = YES;
				CLANG_ENABLE_OBJC_WEAK = YES;
				CLANG_WARN_BLOCK_CAPTURE_AUTORELEASING = YES;
				CLANG_WARN_BOOL_CONVERSION = YES;
				CLANG_WARN_COMMA = YES;
				CLANG_WARN_CONSTANT_CONVERSION = YES;
				CLANG_WARN_DEPRECATED_OBJC_IMPLEMENTATIONS = YES;
				CLANG_WARN_DIRECT_OBJC_ISA_USAGE = YES_ERROR;
				CLANG_WARN_DOCUMENTATION_COMMENTS = YES;
				CLANG_WARN_EMPTY_BODY = YES;
				CLANG_WARN_ENUM_CONVERSION = YES;
				CLANG_WARN_INFINITE_RECURSION = YES;
				CLANG_WARN_INT_CONVERSION = YES;
				CLANG_WARN_NON_LITERAL_NULL_CONVERSION = YES;
				CLANG_WARN_OBJC_IMPLICIT_RETAIN_SELF = YES;
				CLANG_WARN_OBJC_LITERAL_CONVERSION = YES;
				CLANG_WARN_OBJC_ROOT_CLASS = YES_ERROR;
				CLANG_WARN_QUOTED_INCLUDE_IN_FRAMEWORK_HEADER = YES;
				CLANG_WARN_RANGE_LOOP_ANALYSIS = YES;
				CLANG_WARN_STRICT_PROTOTYPES = YES;
				CLANG_WARN_SUSPICIOUS_MOVE = YES;
				CLANG_WARN_UNGUARDED_AVAILABILITY = YES_AGGRESSIVE;
				CLANG_WARN_UNREACHABLE_CODE = YES;
				CLANG_WARN__DUPLICATE_METHOD_MATCH = YES;
				COPY_PHASE_STRIP = NO;
				DEBUG_INFORMATION_FORMAT = dwarf;
				ENABLE_STRICT_OBJC_MSGSEND = YES;
				ENABLE_TESTABILITY = YES;
				GCC_C_LANGUAGE_STANDARD = gnu11;
				GCC_DYNAMIC_NO_PIC = NO;
				GCC_NO_COMMON_BLOCKS = YES;
				GCC_OPTIMIZATION_LEVEL = 0;
				GCC_PREPROCESSOR_DEFINITIONS = (
					"DEBUG=1",
					"$(inherited)",
				);
				GCC_WARN_64_TO_32_BIT_CONVERSION = YES;
				GCC_WARN_ABOUT_RETURN_TYPE = YES_ERROR;
				GCC_WARN_UNDECLARED_SELECTOR = YES;
				GCC_WARN_UNINITIALIZED_AUTOS = YES_AGGRESSIVE;
				GCC_WARN_UNUSED_FUNCTION = YES;
				GCC_WARN_UNUSED_VARIABLE = YES;
				MACOSX_DEPLOYMENT_TARGET = 12.6;
				MTL_ENABLE_DEBUG_INFO = INCLUDE_SOURCE;
				MTL_FAST_MATH = YES;
				ONLY_ACTIVE_ARCH = YES;
				SDKROOT = macosx;
			};
			name = Debug;
		};
		6663B2BC2930889700F8E6C0 /* Release */ = {
			isa = XCBuildConfiguration;
			buildSettings = {
				ALWAYS_SEARCH_USER_PATHS = NO;
				CLANG_ANALYZER_NONNULL = YES;
				CLANG_ANALYZER_NUMBER_OBJECT_CONVERSION = YES_AGGRESSIVE;
				CLANG_CXX_LANGUAGE_STANDARD = "gnu++20";
				CLANG_ENABLE_MODULES = YES;
				CLANG_ENABLE_OBJC_ARC = YES;
				CLANG_ENABLE_OBJC_WEAK = YES;
				CLANG_WARN_BLOCK_CAPTURE_AUTORELEASING = YES;
				CLANG_WARN_BOOL_CONVERSION = YES;
				CLANG_WARN_COMMA = YES;
				CLANG_WARN_CONSTANT_CONVERSION = YES;
				CLANG_WARN_DEPRECATED_OBJC_IMPLEMENTATIONS = YES;
				CLANG_WARN_DIRECT_OBJC_ISA_USAGE = YES_ERROR;
				CLANG_WARN_DOCUMENTATION_COMMENTS = YES;
				CLANG_WARN_EMPTY_BODY = YES;
				CLANG_WARN_ENUM_CONVERSION = YES;
				CLANG_WARN_INFINITE_RECURSION = YES;
				CLANG_WARN_INT_CONVERSION = YES;
				CLANG_WARN_NON_LITERAL_NULL_CONVERSION = YES;
				CLANG_WARN_OBJC_IMPLICIT_RETAIN_SELF = YES;
				CLANG_WARN_OBJC_LITERAL_CONVERSION = YES;
				CLANG_WARN_OBJC_ROOT_CLASS = YES_ERROR;
				CLANG_WARN_QUOTED_INCLUDE_IN_FRAMEWORK_HEADER = YES;
				CLANG_WARN_RANGE_LOOP_ANALYSIS = YES;
				CLANG_WARN_STRICT_PROTOTYPES = YES;
				CLANG_WARN_SUSPICIOUS_MOVE = YES;
				CLANG_WARN_UNGUARDED_AVAILABILITY = YES_AGGRESSIVE;
				CLANG_WARN_UNREACHABLE_CODE = YES;
				CLANG_WARN__DUPLICATE_METHOD_MATCH = YES;
				COPY_PHASE_STRIP = NO;
				DEBUG_INFORMATION_FORMAT = "dwarf-with-dsym";
				ENABLE_NS_ASSERTIONS = NO;
				ENABLE_STRICT_OBJC_MSGSEND = YES;
				GCC_C_LANGUAGE_STANDARD = gnu11;
				GCC_NO_COMMON_BLOCKS = YES;
				GCC_WARN_64_TO_32_BIT_CONVERSION = YES;
				GCC_WARN_ABOUT_RETURN_TYPE = YES_ERROR;
				GCC_WARN_UNDECLARED_SELECTOR = YES;
				GCC_WARN_UNINITIALIZED_AUTOS = YES_AGGRESSIVE;
				GCC_WARN_UNUSED_FUNCTION = YES;
				GCC_WARN_UNUSED_VARIABLE = YES;
				MACOSX_DEPLOYMENT_TARGET = 12.6;
				MTL_ENABLE_DEBUG_INFO = NO;
				MTL_FAST_MATH = YES;
				SDKROOT = macosx;
			};
			name = Release;
		};
		6663B2BE2930889700F8E6C0 /* Debug */ = {
			isa = XCBuildConfiguration;
			buildSettings = {
				CODE_SIGN_STYLE = Automatic;
				PRODUCT_NAME = "$(TARGET_NAME)";
			};
			name = Debug;
		};
		6663B2BF2930889700F8E6C0 /* Release */ = {
			isa = XCBuildConfiguration;
			buildSettings = {
				CODE_SIGN_STYLE = Automatic;
				PRODUCT_NAME = "$(TARGET_NAME)";
			};
			name = Release;
		};
/* End XCBuildConfiguration section */

/* Begin XCConfigurationList section */
		6663B2B12930889700F8E6C0 /* Build configuration list for PBXProject "Client" */ = {
			isa = XCConfigurationList;
			buildConfigurations = (
				6663B2BB2930889700F8E6C0 /* Debug */,
				6663B2BC2930889700F8E6C0 /* Release */,
			);
			defaultConfigurationIsVisible = 0;
			defaultConfigurationName = Release;
		};
		6663B2BD2930889700F8E6C0 /* Build configuration list for PBXNativeTarget "Client" */ = {
			isa = XCConfigurationList;
			buildConfigurations = (
				6663B2BE2930889700F8E6C0 /* Debug */,
				6663B2BF2930889700F8E6C0 /* Release */,
			);
			defaultConfigurationIsVisible = 0;
			defaultConfigurationName = Release;
		};
/* End XCConfigurationList section */
	};
	rootObject = 6663B2AE2930889700F8E6C0 /* Project object */;
}
